
Microsoft Visual Studio Solution File, Format Version 12.00
# Visual Studio Version 16
VisualStudioVersion = 16.0.30611.23
MinimumVisualStudioVersion = 10.0.40219.1
Project("{FAE04EC0-301F-11D3-BF4B-00C04F79EFBC}") = "zhongyiCore", "zhongyiCore.csproj", "{C2CABD37-F7B8-4BF0-B224-FA3F0D82271B}"
EndProject
Global
	GlobalSection(SolutionConfigurationPlatforms) = preSolution
		Debug|Any CPU = Debug|Any CPU
		Release|Any CPU = Release|Any CPU
	EndGlobalSection
	GlobalSection(ProjectConfigurationPlatforms) = postSolution
		{C2CABD37-F7B8-4BF0-B224-FA3F0D82271B}.Debug|Any CPU.ActiveCfg = Debug|Any CPU
		{C2CABD37-F7B8-4BF0-B224-FA3F0D82271B}.Debug|Any CPU.Build.0 = Debug|Any CPU
		{C2CABD37-F7B8-4BF0-B224-FA3F0D82271B}.Release|Any CPU.ActiveCfg = Release|Any CPU
		{C2CABD37-F7B8-4BF0-B224-FA3F0D82271B}.Release|Any CPU.Build.0 = Release|Any CPU
	EndGlobalSection
	GlobalSection(SolutionProperties) = preSolution
		HideSolutionNode = FALSE
	EndGlobalSection
	GlobalSection(ExtensibilityGlobals) = postSolution
		SolutionGuid = {2CB0C6F2-F45B-49C0-BE47-C9295EAA1EFD}
	EndGlobalSection
EndGlobal
